
Microsoft Visual Studio Solution File, Format Version 12.00
# Visual Studio Version 16
VisualStudioVersion = 16.0.29102.190
MinimumVisualStudioVersion = 10.0.40219.1
Project("{9A19103F-16F7-4668-BE54-9A1E7A4F7556}") = "webAPI", "webAPI\webAPI.csproj", "{428F8F27-FF25-4F97-86CC-61B0EA398AA0}"
EndProject
Project("{FAE04EC0-301F-11D3-BF4B-00C04F79EFBC}") = "PingService", "PingService\PingService.csproj", "{DC4D80BC-06E4-4A15-8600-602C23A29128}"
EndProject
Project("{FAE04EC0-301F-11D3-BF4B-00C04F79EFBC}") = "GeoLocationService", "GeoLocationService\GeoLocationService.csproj", "{C7F26CCA-FE3C-4A7F-BA5E-227971149E08}"
EndProject
Global
	GlobalSection(SolutionConfigurationPlatforms) = preSolution
		Debug|Any CPU = Debug|Any CPU
		Release|Any CPU = Release|Any CPU
	EndGlobalSection
	GlobalSection(ProjectConfigurationPlatforms) = postSolution
		{428F8F27-FF25-4F97-86CC-61B0EA398AA0}.Debug|Any CPU.ActiveCfg = Debug|Any CPU
		{428F8F27-FF25-4F97-86CC-61B0EA398AA0}.Debug|Any CPU.Build.0 = Debug|Any CPU
		{428F8F27-FF25-4F97-86CC-61B0EA398AA0}.Release|Any CPU.ActiveCfg = Release|Any CPU
		{428F8F27-FF25-4F97-86CC-61B0EA398AA0}.Release|Any CPU.Build.0 = Release|Any CPU
		{DC4D80BC-06E4-4A15-8600-602C23A29128}.Debug|Any CPU.ActiveCfg = Debug|Any CPU
		{DC4D80BC-06E4-4A15-8600-602C23A29128}.Debug|Any CPU.Build.0 = Debug|Any CPU
		{DC4D80BC-06E4-4A15-8600-602C23A29128}.Release|Any CPU.ActiveCfg = Release|Any CPU
		{DC4D80BC-06E4-4A15-8600-602C23A29128}.Release|Any CPU.Build.0 = Release|Any CPU
		{C7F26CCA-FE3C-4A7F-BA5E-227971149E08}.Debug|Any CPU.ActiveCfg = Debug|Any CPU
		{C7F26CCA-FE3C-4A7F-BA5E-227971149E08}.Debug|Any CPU.Build.0 = Debug|Any CPU
		{C7F26CCA-FE3C-4A7F-BA5E-227971149E08}.Release|Any CPU.ActiveCfg = Release|Any CPU
		{C7F26CCA-FE3C-4A7F-BA5E-227971149E08}.Release|Any CPU.Build.0 = Release|Any CPU
	EndGlobalSection
	GlobalSection(SolutionProperties) = preSolution
		HideSolutionNode = FALSE
	EndGlobalSection
	GlobalSection(ExtensibilityGlobals) = postSolution
		SolutionGuid = {51AD7285-715E-4F40-93EA-2A1B6FDA6981}
	EndGlobalSection
EndGlobal
